
Microsoft Visual Studio Solution File, Format Version 12.00
# Visual Studio 2012
Project("{FAE04EC0-301F-11D3-BF4B-00C04F79EFBC}") = "AesExample", "AesExample\AesExample.csproj", "{ACF6C83F-FBBD-440E-8F2C-E58658A26B49}"
EndProject
Global
	GlobalSection(SolutionConfigurationPlatforms) = preSolution
		Debug|Any CPU = Debug|Any CPU
		Release|Any CPU = Release|Any CPU
	EndGlobalSection
	GlobalSection(ProjectConfigurationPlatforms) = postSolution
		{ACF6C83F-FBBD-440E-8F2C-E58658A26B49}.Debug|Any CPU.ActiveCfg = Debug|Any CPU
		{ACF6C83F-FBBD-440E-8F2C-E58658A26B49}.Debug|Any CPU.Build.0 = Debug|Any CPU
		{ACF6C83F-FBBD-440E-8F2C-E58658A26B49}.Release|Any CPU.ActiveCfg = Release|Any CPU
		{ACF6C83F-FBBD-440E-8F2C-E58658A26B49}.Release|Any CPU.Build.0 = Release|Any CPU
	EndGlobalSection
	GlobalSection(SolutionProperties) = preSolution
		HideSolutionNode = FALSE
	EndGlobalSection
EndGlobal
